// !$*UTF8*$!
{
	archiveVersion = 1;
	classes = {
	};
	objectVersion = 56;
	objects = {

/* Begin PBXBuildFile section */
		E8AE14132B5F2DB400478A38 /* LoginViewModel.swift in Sources */ = {isa = PBXBuildFile; fileRef = E8AE14122B5F2DB400478A38 /* LoginViewModel.swift */; };
		E8AE14152B5F30A800478A38 /* LoginFactory.swift in Sources */ = {isa = PBXBuildFile; fileRef = E8AE14142B5F30A800478A38 /* LoginFactory.swift */; };
		E8AE14172B5F30F400478A38 /* AuthencationField.swift in Sources */ = {isa = PBXBuildFile; fileRef = E8AE14162B5F30F400478A38 /* AuthencationField.swift */; };
		E8AE14192B5F322000478A38 /* LoginHeader.swift in Sources */ = {isa = PBXBuildFile; fileRef = E8AE14182B5F322000478A38 /* LoginHeader.swift */; };
		E8AE141C2B5F377400478A38 /* FirebaseAuth in Frameworks */ = {isa = PBXBuildFile; productRef = E8AE141B2B5F377400478A38 /* FirebaseAuth */; };
		E8AE141E2B5F377400478A38 /* FirebaseCrashlytics in Frameworks */ = {isa = PBXBuildFile; productRef = E8AE141D2B5F377400478A38 /* FirebaseCrashlytics */; };
		E8AE14202B5F38A600478A38 /* GoogleService-Info.plist in Resources */ = {isa = PBXBuildFile; fileRef = E8AE141F2B5F38A600478A38 /* GoogleService-Info.plist */; };
		E8D242332B4E0D8600392B4F /* PasswordField.swift in Sources */ = {isa = PBXBuildFile; fileRef = E8D242322B4E0D8600392B4F /* PasswordField.swift */; };
		E8E31DCF2B3B947600D6240F /* AgendaApp.swift in Sources */ = {isa = PBXBuildFile; fileRef = E8E31DCE2B3B947600D6240F /* AgendaApp.swift */; };
		E8E31DD32B3B947800D6240F /* Assets.xcassets in Resources */ = {isa = PBXBuildFile; fileRef = E8E31DD22B3B947800D6240F /* Assets.xcassets */; };
		E8E31DD62B3B947800D6240F /* Preview Assets.xcassets in Resources */ = {isa = PBXBuildFile; fileRef = E8E31DD52B3B947800D6240F /* Preview Assets.xcassets */; };
		E8E31DE02B3B947800D6240F /* AgendaTests.swift in Sources */ = {isa = PBXBuildFile; fileRef = E8E31DDF2B3B947800D6240F /* AgendaTests.swift */; };
		E8E31DEA2B3B947800D6240F /* AgendaUITests.swift in Sources */ = {isa = PBXBuildFile; fileRef = E8E31DE92B3B947800D6240F /* AgendaUITests.swift */; };
		E8E31DEC2B3B947800D6240F /* AgendaUITestsLaunchTests.swift in Sources */ = {isa = PBXBuildFile; fileRef = E8E31DEB2B3B947800D6240F /* AgendaUITestsLaunchTests.swift */; };
		E8E31DFA2B3B94DB00D6240F /* LoginView.swift in Sources */ = {isa = PBXBuildFile; fileRef = E8E31DF92B3B94DB00D6240F /* LoginView.swift */; };
		E8E31DFE2B3B98CA00D6240F /* AppColor.swift in Sources */ = {isa = PBXBuildFile; fileRef = E8E31DFD2B3B98CA00D6240F /* AppColor.swift */; };
		E8ED66642B55FE0D0001EC00 /* DesignSystem.swift in Sources */ = {isa = PBXBuildFile; fileRef = E8ED66632B55FE0D0001EC00 /* DesignSystem.swift */; };
		E8ED66672B55FE630001EC00 /* Dimensions.swift in Sources */ = {isa = PBXBuildFile; fileRef = E8ED66662B55FE630001EC00 /* Dimensions.swift */; };
/* End PBXBuildFile section */

/* Begin PBXContainerItemProxy section */
		E8E31DDC2B3B947800D6240F /* PBXContainerItemProxy */ = {
			isa = PBXContainerItemProxy;
			containerPortal = E8E31DC32B3B947600D6240F /* Project object */;
			proxyType = 1;
			remoteGlobalIDString = E8E31DCA2B3B947600D6240F;
			remoteInfo = Agenda;
		};
		E8E31DE62B3B947800D6240F /* PBXContainerItemProxy */ = {
			isa = PBXContainerItemProxy;
			containerPortal = E8E31DC32B3B947600D6240F /* Project object */;
			proxyType = 1;
			remoteGlobalIDString = E8E31DCA2B3B947600D6240F;
			remoteInfo = Agenda;
		};
/* End PBXContainerItemProxy section */

/* Begin PBXFileReference section */
		E8AE14122B5F2DB400478A38 /* LoginViewModel.swift */ = {isa = PBXFileReference; lastKnownFileType = sourcecode.swift; path = LoginViewModel.swift; sourceTree = "<group>"; };
		E8AE14142B5F30A800478A38 /* LoginFactory.swift */ = {isa = PBXFileReference; lastKnownFileType = sourcecode.swift; path = LoginFactory.swift; sourceTree = "<group>"; };
		E8AE14162B5F30F400478A38 /* AuthencationField.swift */ = {isa = PBXFileReference; lastKnownFileType = sourcecode.swift; path = AuthencationField.swift; sourceTree = "<group>"; };
		E8AE14182B5F322000478A38 /* LoginHeader.swift */ = {isa = PBXFileReference; lastKnownFileType = sourcecode.swift; path = LoginHeader.swift; sourceTree = "<group>"; };
		E8AE141F2B5F38A600478A38 /* GoogleService-Info.plist */ = {isa = PBXFileReference; fileEncoding = 4; lastKnownFileType = text.plist.xml; path = "GoogleService-Info.plist"; sourceTree = "<group>"; };
		E8D242322B4E0D8600392B4F /* PasswordField.swift */ = {isa = PBXFileReference; lastKnownFileType = sourcecode.swift; path = PasswordField.swift; sourceTree = "<group>"; };
		E8E31DCB2B3B947600D6240F /* Agenda.app */ = {isa = PBXFileReference; explicitFileType = wrapper.application; includeInIndex = 0; path = Agenda.app; sourceTree = BUILT_PRODUCTS_DIR; };
		E8E31DCE2B3B947600D6240F /* AgendaApp.swift */ = {isa = PBXFileReference; lastKnownFileType = sourcecode.swift; path = AgendaApp.swift; sourceTree = "<group>"; };
		E8E31DD22B3B947800D6240F /* Assets.xcassets */ = {isa = PBXFileReference; lastKnownFileType = folder.assetcatalog; path = Assets.xcassets; sourceTree = "<group>"; };
		E8E31DD52B3B947800D6240F /* Preview Assets.xcassets */ = {isa = PBXFileReference; lastKnownFileType = folder.assetcatalog; path = "Preview Assets.xcassets"; sourceTree = "<group>"; };
		E8E31DDB2B3B947800D6240F /* AgendaTests.xctest */ = {isa = PBXFileReference; explicitFileType = wrapper.cfbundle; includeInIndex = 0; path = AgendaTests.xctest; sourceTree = BUILT_PRODUCTS_DIR; };
		E8E31DDF2B3B947800D6240F /* AgendaTests.swift */ = {isa = PBXFileReference; lastKnownFileType = sourcecode.swift; path = AgendaTests.swift; sourceTree = "<group>"; };
		E8E31DE52B3B947800D6240F /* AgendaUITests.xctest */ = {isa = PBXFileReference; explicitFileType = wrapper.cfbundle; includeInIndex = 0; path = AgendaUITests.xctest; sourceTree = BUILT_PRODUCTS_DIR; };
		E8E31DE92B3B947800D6240F /* AgendaUITests.swift */ = {isa = PBXFileReference; lastKnownFileType = sourcecode.swift; path = AgendaUITests.swift; sourceTree = "<group>"; };
		E8E31DEB2B3B947800D6240F /* AgendaUITestsLaunchTests.swift */ = {isa = PBXFileReference; lastKnownFileType = sourcecode.swift; path = AgendaUITestsLaunchTests.swift; sourceTree = "<group>"; };
		E8E31DF92B3B94DB00D6240F /* LoginView.swift */ = {isa = PBXFileReference; lastKnownFileType = sourcecode.swift; path = LoginView.swift; sourceTree = "<group>"; };
		E8E31DFD2B3B98CA00D6240F /* AppColor.swift */ = {isa = PBXFileReference; lastKnownFileType = sourcecode.swift; path = AppColor.swift; sourceTree = "<group>"; };
		E8ED66632B55FE0D0001EC00 /* DesignSystem.swift */ = {isa = PBXFileReference; lastKnownFileType = sourcecode.swift; path = DesignSystem.swift; sourceTree = "<group>"; };
		E8ED66662B55FE630001EC00 /* Dimensions.swift */ = {isa = PBXFileReference; lastKnownFileType = sourcecode.swift; path = Dimensions.swift; sourceTree = "<group>"; };
/* End PBXFileReference section */

/* Begin PBXFrameworksBuildPhase section */
		E8E31DC82B3B947600D6240F /* Frameworks */ = {
			isa = PBXFrameworksBuildPhase;
			buildActionMask = 2147483647;
			files = (
				E8AE141C2B5F377400478A38 /* FirebaseAuth in Frameworks */,
				E8AE141E2B5F377400478A38 /* FirebaseCrashlytics in Frameworks */,
			);
			runOnlyForDeploymentPostprocessing = 0;
		};
		E8E31DD82B3B947800D6240F /* Frameworks */ = {
			isa = PBXFrameworksBuildPhase;
			buildActionMask = 2147483647;
			files = (
			);
			runOnlyForDeploymentPostprocessing = 0;
		};
		E8E31DE22B3B947800D6240F /* Frameworks */ = {
			isa = PBXFrameworksBuildPhase;
			buildActionMask = 2147483647;
			files = (
			);
			runOnlyForDeploymentPostprocessing = 0;
		};
/* End PBXFrameworksBuildPhase section */

/* Begin PBXGroup section */
		E8AE14112B5F2D6100478A38 /* Login */ = {
			isa = PBXGroup;
			children = (
				E8E31DF82B3B94CE00D6240F /* View */,
				E8AE14142B5F30A800478A38 /* LoginFactory.swift */,
			);
			path = Login;
			sourceTree = "<group>";
		};
		E8E31DC22B3B947600D6240F = {
			isa = PBXGroup;
			children = (
				E8E31DCD2B3B947600D6240F /* Agenda */,
				E8E31DDE2B3B947800D6240F /* AgendaTests */,
				E8E31DE82B3B947800D6240F /* AgendaUITests */,
				E8E31DCC2B3B947600D6240F /* Products */,
			);
			sourceTree = "<group>";
		};
		E8E31DCC2B3B947600D6240F /* Products */ = {
			isa = PBXGroup;
			children = (
				E8E31DCB2B3B947600D6240F /* Agenda.app */,
				E8E31DDB2B3B947800D6240F /* AgendaTests.xctest */,
				E8E31DE52B3B947800D6240F /* AgendaUITests.xctest */,
			);
			name = Products;
			sourceTree = "<group>";
		};
		E8E31DCD2B3B947600D6240F /* Agenda */ = {
			isa = PBXGroup;
			children = (
				E8AE141F2B5F38A600478A38 /* GoogleService-Info.plist */,
				E8AE14112B5F2D6100478A38 /* Login */,
				E8ED66652B55FE4D0001EC00 /* DesignSystem */,
				E8E31DCE2B3B947600D6240F /* AgendaApp.swift */,
				E8E31DD22B3B947800D6240F /* Assets.xcassets */,
				E8E31DD42B3B947800D6240F /* Preview Content */,
			);
			path = Agenda;
			sourceTree = "<group>";
		};
		E8E31DD42B3B947800D6240F /* Preview Content */ = {
			isa = PBXGroup;
			children = (
				E8E31DD52B3B947800D6240F /* Preview Assets.xcassets */,
			);
			path = "Preview Content";
			sourceTree = "<group>";
		};
		E8E31DDE2B3B947800D6240F /* AgendaTests */ = {
			isa = PBXGroup;
			children = (
				E8E31DDF2B3B947800D6240F /* AgendaTests.swift */,
			);
			path = AgendaTests;
			sourceTree = "<group>";
		};
		E8E31DE82B3B947800D6240F /* AgendaUITests */ = {
			isa = PBXGroup;
			children = (
				E8E31DE92B3B947800D6240F /* AgendaUITests.swift */,
				E8E31DEB2B3B947800D6240F /* AgendaUITestsLaunchTests.swift */,
			);
			path = AgendaUITests;
			sourceTree = "<group>";
		};
		E8E31DF82B3B94CE00D6240F /* View */ = {
			isa = PBXGroup;
			children = (
				E8E31DF92B3B94DB00D6240F /* LoginView.swift */,
				E8AE14182B5F322000478A38 /* LoginHeader.swift */,
				E8AE14122B5F2DB400478A38 /* LoginViewModel.swift */,
				E8D242322B4E0D8600392B4F /* PasswordField.swift */,
				E8AE14162B5F30F400478A38 /* AuthencationField.swift */,
			);
			path = View;
			sourceTree = "<group>";
		};
		E8ED66652B55FE4D0001EC00 /* DesignSystem */ = {
			isa = PBXGroup;
			children = (
				E8ED66632B55FE0D0001EC00 /* DesignSystem.swift */,
				E8E31DFD2B3B98CA00D6240F /* AppColor.swift */,
				E8ED66662B55FE630001EC00 /* Dimensions.swift */,
			);
			path = DesignSystem;
			sourceTree = "<group>";
		};
/* End PBXGroup section */

/* Begin PBXNativeTarget section */
		E8E31DCA2B3B947600D6240F /* Agenda */ = {
			isa = PBXNativeTarget;
			buildConfigurationList = E8E31DEF2B3B947800D6240F /* Build configuration list for PBXNativeTarget "Agenda" */;
			buildPhases = (
				E8E31DC72B3B947600D6240F /* Sources */,
				E8E31DC82B3B947600D6240F /* Frameworks */,
				E8E31DC92B3B947600D6240F /* Resources */,
			);
			buildRules = (
			);
			dependencies = (
			);
			name = Agenda;
			packageProductDependencies = (
				E8AE141B2B5F377400478A38 /* FirebaseAuth */,
				E8AE141D2B5F377400478A38 /* FirebaseCrashlytics */,
			);
			productName = Agenda;
			productReference = E8E31DCB2B3B947600D6240F /* Agenda.app */;
			productType = "com.apple.product-type.application";
		};
		E8E31DDA2B3B947800D6240F /* AgendaTests */ = {
			isa = PBXNativeTarget;
			buildConfigurationList = E8E31DF22B3B947800D6240F /* Build configuration list for PBXNativeTarget "AgendaTests" */;
			buildPhases = (
				E8E31DD72B3B947800D6240F /* Sources */,
				E8E31DD82B3B947800D6240F /* Frameworks */,
				E8E31DD92B3B947800D6240F /* Resources */,
			);
			buildRules = (
			);
			dependencies = (
				E8E31DDD2B3B947800D6240F /* PBXTargetDependency */,
			);
			name = AgendaTests;
			productName = AgendaTests;
			productReference = E8E31DDB2B3B947800D6240F /* AgendaTests.xctest */;
			productType = "com.apple.product-type.bundle.unit-test";
		};
		E8E31DE42B3B947800D6240F /* AgendaUITests */ = {
			isa = PBXNativeTarget;
			buildConfigurationList = E8E31DF52B3B947800D6240F /* Build configuration list for PBXNativeTarget "AgendaUITests" */;
			buildPhases = (
				E8E31DE12B3B947800D6240F /* Sources */,
				E8E31DE22B3B947800D6240F /* Frameworks */,
				E8E31DE32B3B947800D6240F /* Resources */,
			);
			buildRules = (
			);
			dependencies = (
				E8E31DE72B3B947800D6240F /* PBXTargetDependency */,
			);
			name = AgendaUITests;
			productName = AgendaUITests;
			productReference = E8E31DE52B3B947800D6240F /* AgendaUITests.xctest */;
			productType = "com.apple.product-type.bundle.ui-testing";
		};
/* End PBXNativeTarget section */

/* Begin PBXProject section */
		E8E31DC32B3B947600D6240F /* Project object */ = {
			isa = PBXProject;
			attributes = {
				BuildIndependentTargetsInParallel = 1;
				LastSwiftUpdateCheck = 1410;
				LastUpgradeCheck = 1410;
				TargetAttributes = {
					E8E31DCA2B3B947600D6240F = {
						CreatedOnToolsVersion = 14.1;
					};
					E8E31DDA2B3B947800D6240F = {
						CreatedOnToolsVersion = 14.1;
						TestTargetID = E8E31DCA2B3B947600D6240F;
					};
					E8E31DE42B3B947800D6240F = {
						CreatedOnToolsVersion = 14.1;
						TestTargetID = E8E31DCA2B3B947600D6240F;
					};
				};
			};
			buildConfigurationList = E8E31DC62B3B947600D6240F /* Build configuration list for PBXProject "Agenda" */;
			compatibilityVersion = "Xcode 14.0";
			developmentRegion = en;
			hasScannedForEncodings = 0;
			knownRegions = (
				en,
				Base,
			);
			mainGroup = E8E31DC22B3B947600D6240F;
			packageReferences = (
				E8AE141A2B5F377400478A38 /* XCRemoteSwiftPackageReference "firebase-ios-sdk" */,
			);
			productRefGroup = E8E31DCC2B3B947600D6240F /* Products */;
			projectDirPath = "";
			projectRoot = "";
			targets = (
				E8E31DCA2B3B947600D6240F /* Agenda */,
				E8E31DDA2B3B947800D6240F /* AgendaTests */,
				E8E31DE42B3B947800D6240F /* AgendaUITests */,
			);
		};
/* End PBXProject section */

/* Begin PBXResourcesBuildPhase section */
		E8E31DC92B3B947600D6240F /* Resources */ = {
			isa = PBXResourcesBuildPhase;
			buildActionMask = 2147483647;
			files = (
				E8E31DD62B3B947800D6240F /* Preview Assets.xcassets in Resources */,
				E8E31DD32B3B947800D6240F /* Assets.xcassets in Resources */,
				E8AE14202B5F38A600478A38 /* GoogleService-Info.plist in Resources */,
			);
			runOnlyForDeploymentPostprocessing = 0;
		};
		E8E31DD92B3B947800D6240F /* Resources */ = {
			isa = PBXResourcesBuildPhase;
			buildActionMask = 2147483647;
			files = (
			);
			runOnlyForDeploymentPostprocessing = 0;
		};
		E8E31DE32B3B947800D6240F /* Resources */ = {
			isa = PBXResourcesBuildPhase;
			buildActionMask = 2147483647;
			files = (
			);
			runOnlyForDeploymentPostprocessing = 0;
		};
/* End PBXResourcesBuildPhase section */

/* Begin PBXSourcesBuildPhase section */
		E8E31DC72B3B947600D6240F /* Sources */ = {
			isa = PBXSourcesBuildPhase;
			buildActionMask = 2147483647;
			files = (
				E8E31DFA2B3B94DB00D6240F /* LoginView.swift in Sources */,
				E8ED66642B55FE0D0001EC00 /* DesignSystem.swift in Sources */,
				E8ED66672B55FE630001EC00 /* Dimensions.swift in Sources */,
				E8D242332B4E0D8600392B4F /* PasswordField.swift in Sources */,
				E8E31DCF2B3B947600D6240F /* AgendaApp.swift in Sources */,
				E8E31DFE2B3B98CA00D6240F /* AppColor.swift in Sources */,
				E8AE14152B5F30A800478A38 /* LoginFactory.swift in Sources */,
				E8AE14172B5F30F400478A38 /* AuthencationField.swift in Sources */,
				E8AE14192B5F322000478A38 /* LoginHeader.swift in Sources */,
				E8AE14132B5F2DB400478A38 /* LoginViewModel.swift in Sources */,
			);
			runOnlyForDeploymentPostprocessing = 0;
		};
		E8E31DD72B3B947800D6240F /* Sources */ = {
			isa = PBXSourcesBuildPhase;
			buildActionMask = 2147483647;
			files = (
				E8E31DE02B3B947800D6240F /* AgendaTests.swift in Sources */,
			);
			runOnlyForDeploymentPostprocessing = 0;
		};
		E8E31DE12B3B947800D6240F /* Sources */ = {
			isa = PBXSourcesBuildPhase;
			buildActionMask = 2147483647;
			files = (
				E8E31DEC2B3B947800D6240F /* AgendaUITestsLaunchTests.swift in Sources */,
				E8E31DEA2B3B947800D6240F /* AgendaUITests.swift in Sources */,
			);
			runOnlyForDeploymentPostprocessing = 0;
		};
/* End PBXSourcesBuildPhase section */

/* Begin PBXTargetDependency section */
		E8E31DDD2B3B947800D6240F /* PBXTargetDependency */ = {
			isa = PBXTargetDependency;
			target = E8E31DCA2B3B947600D6240F /* Agenda */;
			targetProxy = E8E31DDC2B3B947800D6240F /* PBXContainerItemProxy */;
		};
		E8E31DE72B3B947800D6240F /* PBXTargetDependency */ = {
			isa = PBXTargetDependency;
			target = E8E31DCA2B3B947600D6240F /* Agenda */;
			targetProxy = E8E31DE62B3B947800D6240F /* PBXContainerItemProxy */;
		};
/* End PBXTargetDependency section */

/* Begin XCBuildConfiguration section */
		E8E31DED2B3B947800D6240F /* Debug */ = {
			isa = XCBuildConfiguration;
			buildSettings = {
				ALWAYS_SEARCH_USER_PATHS = NO;
				CLANG_ANALYZER_NONNULL = YES;
				CLANG_ANALYZER_NUMBER_OBJECT_CONVERSION = YES_AGGRESSIVE;
				CLANG_CXX_LANGUAGE_STANDARD = "gnu++20";
				CLANG_ENABLE_MODULES = YES;
				CLANG_ENABLE_OBJC_ARC = YES;
				CLANG_ENABLE_OBJC_WEAK = YES;
				CLANG_WARN_BLOCK_CAPTURE_AUTORELEASING = YES;
				CLANG_WARN_BOOL_CONVERSION = YES;
				CLANG_WARN_COMMA = YES;
				CLANG_WARN_CONSTANT_CONVERSION = YES;
				CLANG_WARN_DEPRECATED_OBJC_IMPLEMENTATIONS = YES;
				CLANG_WARN_DIRECT_OBJC_ISA_USAGE = YES_ERROR;
				CLANG_WARN_DOCUMENTATION_COMMENTS = YES;
				CLANG_WARN_EMPTY_BODY = YES;
				CLANG_WARN_ENUM_CONVERSION = YES;
				CLANG_WARN_INFINITE_RECURSION = YES;
				CLANG_WARN_INT_CONVERSION = YES;
				CLANG_WARN_NON_LITERAL_NULL_CONVERSION = YES;
				CLANG_WARN_OBJC_IMPLICIT_RETAIN_SELF = YES;
				CLANG_WARN_OBJC_LITERAL_CONVERSION = YES;
				CLANG_WARN_OBJC_ROOT_CLASS = YES_ERROR;
				CLANG_WARN_QUOTED_INCLUDE_IN_FRAMEWORK_HEADER = YES;
				CLANG_WARN_RANGE_LOOP_ANALYSIS = YES;
				CLANG_WARN_STRICT_PROTOTYPES = YES;
				CLANG_WARN_SUSPICIOUS_MOVE = YES;
				CLANG_WARN_UNGUARDED_AVAILABILITY = YES_AGGRESSIVE;
				CLANG_WARN_UNREACHABLE_CODE = YES;
				CLANG_WARN__DUPLICATE_METHOD_MATCH = YES;
				COPY_PHASE_STRIP = NO;
				DEBUG_INFORMATION_FORMAT = dwarf;
				ENABLE_STRICT_OBJC_MSGSEND = YES;
				ENABLE_TESTABILITY = YES;
				GCC_C_LANGUAGE_STANDARD = gnu11;
				GCC_DYNAMIC_NO_PIC = NO;
				GCC_NO_COMMON_BLOCKS = YES;
				GCC_OPTIMIZATION_LEVEL = 0;
				GCC_PREPROCESSOR_DEFINITIONS = (
					"DEBUG=1",
					"$(inherited)",
				);
				GCC_WARN_64_TO_32_BIT_CONVERSION = YES;
				GCC_WARN_ABOUT_RETURN_TYPE = YES_ERROR;
				GCC_WARN_UNDECLARED_SELECTOR = YES;
				GCC_WARN_UNINITIALIZED_AUTOS = YES_AGGRESSIVE;
				GCC_WARN_UNUSED_FUNCTION = YES;
				GCC_WARN_UNUSED_VARIABLE = YES;
				IPHONEOS_DEPLOYMENT_TARGET = 16.1;
				MTL_ENABLE_DEBUG_INFO = INCLUDE_SOURCE;
				MTL_FAST_MATH = YES;
				ONLY_ACTIVE_ARCH = YES;
				SDKROOT = iphoneos;
				SWIFT_ACTIVE_COMPILATION_CONDITIONS = DEBUG;
				SWIFT_OPTIMIZATION_LEVEL = "-Onone";
			};
			name = Debug;
		};
		E8E31DEE2B3B947800D6240F /* Release */ = {
			isa = XCBuildConfiguration;
			buildSettings = {
				ALWAYS_SEARCH_USER_PATHS = NO;
				CLANG_ANALYZER_NONNULL = YES;
				CLANG_ANALYZER_NUMBER_OBJECT_CONVERSION = YES_AGGRESSIVE;
				CLANG_CXX_LANGUAGE_STANDARD = "gnu++20";
				CLANG_ENABLE_MODULES = YES;
				CLANG_ENABLE_OBJC_ARC = YES;
				CLANG_ENABLE_OBJC_WEAK = YES;
				CLANG_WARN_BLOCK_CAPTURE_AUTORELEASING = YES;
				CLANG_WARN_BOOL_CONVERSION = YES;
				CLANG_WARN_COMMA = YES;
				CLANG_WARN_CONSTANT_CONVERSION = YES;
				CLANG_WARN_DEPRECATED_OBJC_IMPLEMENTATIONS = YES;
				CLANG_WARN_DIRECT_OBJC_ISA_USAGE = YES_ERROR;
				CLANG_WARN_DOCUMENTATION_COMMENTS = YES;
				CLANG_WARN_EMPTY_BODY = YES;
				CLANG_WARN_ENUM_CONVERSION = YES;
				CLANG_WARN_INFINITE_RECURSION = YES;
				CLANG_WARN_INT_CONVERSION = YES;
				CLANG_WARN_NON_LITERAL_NULL_CONVERSION = YES;
				CLANG_WARN_OBJC_IMPLICIT_RETAIN_SELF = YES;
				CLANG_WARN_OBJC_LITERAL_CONVERSION = YES;
				CLANG_WARN_OBJC_ROOT_CLASS = YES_ERROR;
				CLANG_WARN_QUOTED_INCLUDE_IN_FRAMEWORK_HEADER = YES;
				CLANG_WARN_RANGE_LOOP_ANALYSIS = YES;
				CLANG_WARN_STRICT_PROTOTYPES = YES;
				CLANG_WARN_SUSPICIOUS_MOVE = YES;
				CLANG_WARN_UNGUARDED_AVAILABILITY = YES_AGGRESSIVE;
				CLANG_WARN_UNREACHABLE_CODE = YES;
				CLANG_WARN__DUPLICATE_METHOD_MATCH = YES;
				COPY_PHASE_STRIP = NO;
				DEBUG_INFORMATION_FORMAT = "dwarf-with-dsym";
				ENABLE_NS_ASSERTIONS = NO;
				ENABLE_STRICT_OBJC_MSGSEND = YES;
				GCC_C_LANGUAGE_STANDARD = gnu11;
				GCC_NO_COMMON_BLOCKS = YES;
				GCC_WARN_64_TO_32_BIT_CONVERSION = YES;
				GCC_WARN_ABOUT_RETURN_TYPE = YES_ERROR;
				GCC_WARN_UNDECLARED_SELECTOR = YES;
				GCC_WARN_UNINITIALIZED_AUTOS = YES_AGGRESSIVE;
				GCC_WARN_UNUSED_FUNCTION = YES;
				GCC_WARN_UNUSED_VARIABLE = YES;
				IPHONEOS_DEPLOYMENT_TARGET = 16.1;
				MTL_ENABLE_DEBUG_INFO = NO;
				MTL_FAST_MATH = YES;
				SDKROOT = iphoneos;
				SWIFT_COMPILATION_MODE = wholemodule;
				SWIFT_OPTIMIZATION_LEVEL = "-O";
				VALIDATE_PRODUCT = YES;
			};
			name = Release;
		};
		E8E31DF02B3B947800D6240F /* Debug */ = {
			isa = XCBuildConfiguration;
			buildSettings = {
				ASSETCATALOG_COMPILER_APPICON_NAME = AppIcon;
				ASSETCATALOG_COMPILER_GLOBAL_ACCENT_COLOR_NAME = AccentColor;
				CODE_SIGN_STYLE = Automatic;
				CURRENT_PROJECT_VERSION = 1;
				DEVELOPMENT_ASSET_PATHS = "\"Agenda/Preview Content\"";
				DEVELOPMENT_TEAM = 5W5Y54862B;
				ENABLE_PREVIEWS = YES;
				GENERATE_INFOPLIST_FILE = YES;
				INFOPLIST_KEY_UIApplicationSceneManifest_Generation = YES;
				INFOPLIST_KEY_UIApplicationSupportsIndirectInputEvents = YES;
				INFOPLIST_KEY_UILaunchScreen_Generation = YES;
				INFOPLIST_KEY_UISupportedInterfaceOrientations_iPad = "UIInterfaceOrientationPortrait UIInterfaceOrientationPortraitUpsideDown UIInterfaceOrientationLandscapeLeft UIInterfaceOrientationLandscapeRight";
				INFOPLIST_KEY_UISupportedInterfaceOrientations_iPhone = "UIInterfaceOrientationPortrait UIInterfaceOrientationLandscapeLeft UIInterfaceOrientationLandscapeRight";
				LD_RUNPATH_SEARCH_PATHS = (
					"$(inherited)",
					"@executable_path/Frameworks",
				);
				MARKETING_VERSION = 1.0;
				PRODUCT_BUNDLE_IDENTIFIER = dev.goyes.Agenda;
				PRODUCT_NAME = "$(TARGET_NAME)";
				SWIFT_EMIT_LOC_STRINGS = YES;
				SWIFT_VERSION = 5.0;
				TARGETED_DEVICE_FAMILY = "1,2";
			};
			name = Debug;
		};
		E8E31DF12B3B947800D6240F /* Release */ = {
			isa = XCBuildConfiguration;
			buildSettings = {
				ASSETCATALOG_COMPILER_APPICON_NAME = AppIcon;
				ASSETCATALOG_COMPILER_GLOBAL_ACCENT_COLOR_NAME = AccentColor;
				CODE_SIGN_STYLE = Automatic;
				CURRENT_PROJECT_VERSION = 1;
				DEVELOPMENT_ASSET_PATHS = "\"Agenda/Preview Content\"";
				DEVELOPMENT_TEAM = 5W5Y54862B;
				ENABLE_PREVIEWS = YES;
				GENERATE_INFOPLIST_FILE = YES;
				INFOPLIST_KEY_UIApplicationSceneManifest_Generation = YES;
				INFOPLIST_KEY_UIApplicationSupportsIndirectInputEvents = YES;
				INFOPLIST_KEY_UILaunchScreen_Generation = YES;
				INFOPLIST_KEY_UISupportedInterfaceOrientations_iPad = "UIInterfaceOrientationPortrait UIInterfaceOrientationPortraitUpsideDown UIInterfaceOrientationLandscapeLeft UIInterfaceOrientationLandscapeRight";
				INFOPLIST_KEY_UISupportedInterfaceOrientations_iPhone = "UIInterfaceOrientationPortrait UIInterfaceOrientationLandscapeLeft UIInterfaceOrientationLandscapeRight";
				LD_RUNPATH_SEARCH_PATHS = (
					"$(inherited)",
					"@executable_path/Frameworks",
				);
				MARKETING_VERSION = 1.0;
				PRODUCT_BUNDLE_IDENTIFIER = dev.goyes.Agenda;
				PRODUCT_NAME = "$(TARGET_NAME)";
				SWIFT_EMIT_LOC_STRINGS = YES;
				SWIFT_VERSION = 5.0;
				TARGETED_DEVICE_FAMILY = "1,2";
			};
			name = Release;
		};
		E8E31DF32B3B947800D6240F /* Debug */ = {
			isa = XCBuildConfiguration;
			buildSettings = {
				ALWAYS_EMBED_SWIFT_STANDARD_LIBRARIES = YES;
				BUNDLE_LOADER = "$(TEST_HOST)";
				CODE_SIGN_STYLE = Automatic;
				CURRENT_PROJECT_VERSION = 1;
				DEVELOPMENT_TEAM = 5W5Y54862B;
				GENERATE_INFOPLIST_FILE = YES;
				IPHONEOS_DEPLOYMENT_TARGET = 16.1;
				MARKETING_VERSION = 1.0;
				PRODUCT_BUNDLE_IDENTIFIER = dev.goyes.AgendaTests;
				PRODUCT_NAME = "$(TARGET_NAME)";
				SWIFT_EMIT_LOC_STRINGS = NO;
				SWIFT_VERSION = 5.0;
				TARGETED_DEVICE_FAMILY = "1,2";
				TEST_HOST = "$(BUILT_PRODUCTS_DIR)/Agenda.app/$(BUNDLE_EXECUTABLE_FOLDER_PATH)/Agenda";
			};
			name = Debug;
		};
		E8E31DF42B3B947800D6240F /* Release */ = {
			isa = XCBuildConfiguration;
			buildSettings = {
				ALWAYS_EMBED_SWIFT_STANDARD_LIBRARIES = YES;
				BUNDLE_LOADER = "$(TEST_HOST)";
				CODE_SIGN_STYLE = Automatic;
				CURRENT_PROJECT_VERSION = 1;
				DEVELOPMENT_TEAM = 5W5Y54862B;
				GENERATE_INFOPLIST_FILE = YES;
				IPHONEOS_DEPLOYMENT_TARGET = 16.1;
				MARKETING_VERSION = 1.0;
				PRODUCT_BUNDLE_IDENTIFIER = dev.goyes.AgendaTests;
				PRODUCT_NAME = "$(TARGET_NAME)";
				SWIFT_EMIT_LOC_STRINGS = NO;
				SWIFT_VERSION = 5.0;
				TARGETED_DEVICE_FAMILY = "1,2";
				TEST_HOST = "$(BUILT_PRODUCTS_DIR)/Agenda.app/$(BUNDLE_EXECUTABLE_FOLDER_PATH)/Agenda";
			};
			name = Release;
		};
		E8E31DF62B3B947800D6240F /* Debug */ = {
			isa = XCBuildConfiguration;
			buildSettings = {
				ALWAYS_EMBED_SWIFT_STANDARD_LIBRARIES = YES;
				CODE_SIGN_STYLE = Automatic;
				CURRENT_PROJECT_VERSION = 1;
				DEVELOPMENT_TEAM = 5W5Y54862B;
				GENERATE_INFOPLIST_FILE = YES;
				MARKETING_VERSION = 1.0;
				PRODUCT_BUNDLE_IDENTIFIER = dev.goyes.AgendaUITests;
				PRODUCT_NAME = "$(TARGET_NAME)";
				SWIFT_EMIT_LOC_STRINGS = NO;
				SWIFT_VERSION = 5.0;
				TARGETED_DEVICE_FAMILY = "1,2";
				TEST_TARGET_NAME = Agenda;
			};
			name = Debug;
		};
		E8E31DF72B3B947800D6240F /* Release */ = {
			isa = XCBuildConfiguration;
			buildSettings = {
				ALWAYS_EMBED_SWIFT_STANDARD_LIBRARIES = YES;
				CODE_SIGN_STYLE = Automatic;
				CURRENT_PROJECT_VERSION = 1;
				DEVELOPMENT_TEAM = 5W5Y54862B;
				GENERATE_INFOPLIST_FILE = YES;
				MARKETING_VERSION = 1.0;
				PRODUCT_BUNDLE_IDENTIFIER = dev.goyes.AgendaUITests;
				PRODUCT_NAME = "$(TARGET_NAME)";
				SWIFT_EMIT_LOC_STRINGS = NO;
				SWIFT_VERSION = 5.0;
				TARGETED_DEVICE_FAMILY = "1,2";
				TEST_TARGET_NAME = Agenda;
			};
			name = Release;
		};
/* End XCBuildConfiguration section */

/* Begin XCConfigurationList section */
		E8E31DC62B3B947600D6240F /* Build configuration list for PBXProject "Agenda" */ = {
			isa = XCConfigurationList;
			buildConfigurations = (
				E8E31DED2B3B947800D6240F /* Debug */,
				E8E31DEE2B3B947800D6240F /* Release */,
			);
			defaultConfigurationIsVisible = 0;
			defaultConfigurationName = Release;
		};
		E8E31DEF2B3B947800D6240F /* Build configuration list for PBXNativeTarget "Agenda" */ = {
			isa = XCConfigurationList;
			buildConfigurations = (
				E8E31DF02B3B947800D6240F /* Debug */,
				E8E31DF12B3B947800D6240F /* Release */,
			);
			defaultConfigurationIsVisible = 0;
			defaultConfigurationName = Release;
		};
		E8E31DF22B3B947800D6240F /* Build configuration list for PBXNativeTarget "AgendaTests" */ = {
			isa = XCConfigurationList;
			buildConfigurations = (
				E8E31DF32B3B947800D6240F /* Debug */,
				E8E31DF42B3B947800D6240F /* Release */,
			);
			defaultConfigurationIsVisible = 0;
			defaultConfigurationName = Release;
		};
		E8E31DF52B3B947800D6240F /* Build configuration list for PBXNativeTarget "AgendaUITests" */ = {
			isa = XCConfigurationList;
			buildConfigurations = (
				E8E31DF62B3B947800D6240F /* Debug */,
				E8E31DF72B3B947800D6240F /* Release */,
			);
			defaultConfigurationIsVisible = 0;
			defaultConfigurationName = Release;
		};
/* End XCConfigurationList section */

/* Begin XCRemoteSwiftPackageReference section */
		E8AE141A2B5F377400478A38 /* XCRemoteSwiftPackageReference "firebase-ios-sdk" */ = {
			isa = XCRemoteSwiftPackageReference;
			repositoryURL = "https://github.com/firebase/firebase-ios-sdk";
			requirement = {
				kind = upToNextMajorVersion;
				minimumVersion = 9.0.0;
			};
		};
/* End XCRemoteSwiftPackageReference section */

/* Begin XCSwiftPackageProductDependency section */
		E8AE141B2B5F377400478A38 /* FirebaseAuth */ = {
			isa = XCSwiftPackageProductDependency;
			package = E8AE141A2B5F377400478A38 /* XCRemoteSwiftPackageReference "firebase-ios-sdk" */;
			productName = FirebaseAuth;
		};
		E8AE141D2B5F377400478A38 /* FirebaseCrashlytics */ = {
			isa = XCSwiftPackageProductDependency;
			package = E8AE141A2B5F377400478A38 /* XCRemoteSwiftPackageReference "firebase-ios-sdk" */;
			productName = FirebaseCrashlytics;
		};
/* End XCSwiftPackageProductDependency section */
	};
	rootObject = E8E31DC32B3B947600D6240F /* Project object */;
}
